{
  "name": "ui-web-components",
  "version": "0.0.1",
  "lockfileVersion": 1,
  "requires": true,
  "dependencies": {
    "@babel/runtime": {
      "version": "7.10.2",
      "resolved": "https://registry.npmjs.org/@babel/runtime/-/runtime-7.10.2.tgz",
      "integrity": "sha512-6sF3uQw2ivImfVIl62RZ7MXhO2tap69WeWK57vAaimT6AZbE4FbqjdEJIN1UqoD6wI6B+1n9UiagafH1sxjOtg==",
      "dev": true,
      "requires": {
        "regenerator-runtime": "^0.13.4"
      }
    },
    "@stencil/core": {
      "version": "1.12.2",
      "resolved": "https://registry.npmjs.org/@stencil/core/-/core-1.12.2.tgz",
      "integrity": "sha512-lB8N0IBBT2u3ahg7R1+WZnJ/NsdgSJi3cq3E1m3dE143OCSn/l7G0JOrqyg4FSNO+9QM/ywkWp0g2eGEABF3Sg==",
      "requires": {
        "typescript": "3.8.3"
      }
    },
    "@stencil/sass": {
      "version": "1.3.1",
      "resolved": "https://registry.npmjs.org/@stencil/sass/-/sass-1.3.1.tgz",
      "integrity": "sha512-5qsEyhLGTywpG4zlWv6eBhhj/z2Z37nbUGa87Ak0KqfsEiclJCYRA/AMM9FiN1jHfBvr968G4zE8rNlYmiPLsQ==",
      "dev": true
    },
    "css-vendor": {
      "version": "2.0.8",
      "resolved": "https://registry.npmjs.org/css-vendor/-/css-vendor-2.0.8.tgz",
      "integrity": "sha512-x9Aq0XTInxrkuFeHKbYC7zWY8ai7qJ04Kxd9MnvbC1uO5DagxoHQjm4JvG+vCdXOoFtCjbL2XSZfxmoYa9uQVQ==",
      "dev": true,
      "requires": {
        "@babel/runtime": "^7.8.3",
        "is-in-browser": "^1.0.2"
      }
    },
    "csstype": {
      "version": "2.6.10",
      "resolved": "https://registry.npmjs.org/csstype/-/csstype-2.6.10.tgz",
      "integrity": "sha512-D34BqZU4cIlMCY93rZHbrq9pjTAQJ3U8S8rfBqjwHxkGPThWFjzZDQpgMJY0QViLxth6ZKYiwFBo14RdN44U/w==",
      "dev": true
    },
    "hyphenate-style-name": {
      "version": "1.0.3",
      "resolved": "https://registry.npmjs.org/hyphenate-style-name/-/hyphenate-style-name-1.0.3.tgz",
      "integrity": "sha512-EcuixamT82oplpoJ2XU4pDtKGWQ7b00CD9f1ug9IaQ3p1bkHMiKCZ9ut9QDI6qsa6cpUuB+A/I+zLtdNK4n2DQ==",
      "dev": true
    },
    "is-in-browser": {
      "version": "1.1.3",
      "resolved": "https://registry.npmjs.org/is-in-browser/-/is-in-browser-1.1.3.tgz",
      "integrity": "sha1-Vv9NtoOgeMYILrldrX3GLh0E+DU=",
      "dev": true
    },
    "jss": {
      "version": "10.0.3",
      "resolved": "https://registry.npmjs.org/jss/-/jss-10.0.3.tgz",
      "integrity": "sha512-AcDvFdOk16If9qvC9KN3oFXsrkHWM9+TaPMpVB9orm3z+nq1Xw3ofHyflRe/mkSucRZnaQtlhZs1hdP3DR9uRw==",
      "dev": true,
      "requires": {
        "@babel/runtime": "^7.3.1",
        "csstype": "^2.6.5",
        "is-in-browser": "^1.1.3",
        "tiny-warning": "^1.0.2"
      }
    },
    "jss-plugin-camel-case": {
      "version": "10.2.0",
      "resolved": "https://registry.npmjs.org/jss-plugin-camel-case/-/jss-plugin-camel-case-10.2.0.tgz",
      "integrity": "sha512-N5RF3TV+ejKfnq1I/wfp4uj8IVgJCRw4LZQyxW6XiYr6qX2CJsrVvF/lxYIkEL/C19Lgso5D7zy1uxlRWJWGjQ==",
      "dev": true,
      "requires": {
        "@babel/runtime": "^7.3.1",
        "hyphenate-style-name": "^1.0.3",
        "jss": "10.2.0"
      },
      "dependencies": {
        "jss": {
          "version": "10.2.0",
          "resolved": "https://registry.npmjs.org/jss/-/jss-10.2.0.tgz",
          "integrity": "sha512-WyG2Jm8nEbYHIVx0UIitgS7R1SXwWpQ1p+SHeI2HNrNR/DSEBXR8l0XYqNdVOCvKnFDPwVWVW7EFlhPh0tYA2w==",
          "dev": true,
          "requires": {
            "@babel/runtime": "^7.3.1",
            "csstype": "^2.6.5",
            "is-in-browser": "^1.1.3",
            "tiny-warning": "^1.0.2"
          }
        }
      }
    },
    "jss-plugin-compose": {
      "version": "10.2.0",
      "resolved": "https://registry.npmjs.org/jss-plugin-compose/-/jss-plugin-compose-10.2.0.tgz",
      "integrity": "sha512-ARsHyOI+hJNR+UTDC+MX1+noacBmzDvPJJjxemSjtl5oRI34BATT7JCxWDDsUKIQUddo1CuqQZCvu8PHOsxOLw==",
      "dev": true,
      "requires": {
        "@babel/runtime": "^7.3.1",
        "jss": "10.2.0",
        "tiny-warning": "^1.0.2"
      },
      "dependencies": {
        "jss": {
          "version": "10.2.0",
          "resolved": "https://registry.npmjs.org/jss/-/jss-10.2.0.tgz",
          "integrity": "sha512-WyG2Jm8nEbYHIVx0UIitgS7R1SXwWpQ1p+SHeI2HNrNR/DSEBXR8l0XYqNdVOCvKnFDPwVWVW7EFlhPh0tYA2w==",
          "dev": true,
          "requires": {
            "@babel/runtime": "^7.3.1",
            "csstype": "^2.6.5",
            "is-in-browser": "^1.1.3",
            "tiny-warning": "^1.0.2"
          }
        }
      }
    },
    "jss-plugin-default-unit": {
      "version": "10.2.0",
      "resolved": "https://registry.npmjs.org/jss-plugin-default-unit/-/jss-plugin-default-unit-10.2.0.tgz",
      "integrity": "sha512-uni8vfNiCUffm+C26+bhEVX9bWiI1f+bzdDJ3hsgRD1cLey5qZ8zVR6IVa2OVWTG7mMN2eOdG2GxpSCOEuG54Q==",
      "dev": true,
      "requires": {
        "@babel/runtime": "^7.3.1",
        "jss": "10.2.0"
      },
      "dependencies": {
        "jss": {
          "version": "10.2.0",
          "resolved": "https://registry.npmjs.org/jss/-/jss-10.2.0.tgz",
          "integrity": "sha512-WyG2Jm8nEbYHIVx0UIitgS7R1SXwWpQ1p+SHeI2HNrNR/DSEBXR8l0XYqNdVOCvKnFDPwVWVW7EFlhPh0tYA2w==",
          "dev": true,
          "requires": {
            "@babel/runtime": "^7.3.1",
            "csstype": "^2.6.5",
            "is-in-browser": "^1.1.3",
            "tiny-warning": "^1.0.2"
          }
        }
      }
    },
    "jss-plugin-expand": {
      "version": "10.2.0",
      "resolved": "https://registry.npmjs.org/jss-plugin-expand/-/jss-plugin-expand-10.2.0.tgz",
      "integrity": "sha512-EfqqRIQligc2gmSGTn8DV6MjjM2mCB8uer4xA4G4lvc3Ee/tVI4aaDAdK1woQ91yJC5K1sLYkciBs/E5K0tuZQ==",
      "dev": true,
      "requires": {
        "@babel/runtime": "^7.3.1",
        "jss": "10.2.0"
      },
      "dependencies": {
        "jss": {
          "version": "10.2.0",
          "resolved": "https://registry.npmjs.org/jss/-/jss-10.2.0.tgz",
          "integrity": "sha512-WyG2Jm8nEbYHIVx0UIitgS7R1SXwWpQ1p+SHeI2HNrNR/DSEBXR8l0XYqNdVOCvKnFDPwVWVW7EFlhPh0tYA2w==",
          "dev": true,
          "requires": {
            "@babel/runtime": "^7.3.1",
            "csstype": "^2.6.5",
            "is-in-browser": "^1.1.3",
            "tiny-warning": "^1.0.2"
          }
        }
      }
    },
    "jss-plugin-extend": {
      "version": "10.2.0",
      "resolved": "https://registry.npmjs.org/jss-plugin-extend/-/jss-plugin-extend-10.2.0.tgz",
      "integrity": "sha512-zprCQ5L1HB9wK9w7Vv4CmhzbuHSO/7ZjX4bk2BVePuXUBtV0jBbz0LUjOSuz2Zvn4j55NoyHpKy5BgLLXRhvtA==",
      "dev": true,
      "requires": {
        "@babel/runtime": "^7.3.1",
        "jss": "10.2.0",
        "tiny-warning": "^1.0.2"
      },
      "dependencies": {
        "jss": {
          "version": "10.2.0",
          "resolved": "https://registry.npmjs.org/jss/-/jss-10.2.0.tgz",
          "integrity": "sha512-WyG2Jm8nEbYHIVx0UIitgS7R1SXwWpQ1p+SHeI2HNrNR/DSEBXR8l0XYqNdVOCvKnFDPwVWVW7EFlhPh0tYA2w==",
          "dev": true,
          "requires": {
            "@babel/runtime": "^7.3.1",
            "csstype": "^2.6.5",
            "is-in-browser": "^1.1.3",
            "tiny-warning": "^1.0.2"
          }
        }
      }
    },
    "jss-plugin-global": {
      "version": "10.2.0",
      "resolved": "https://registry.npmjs.org/jss-plugin-global/-/jss-plugin-global-10.2.0.tgz",
      "integrity": "sha512-l2Y1sRXnhMgw7Hq0iH8loWaokIdmXSCD6BE9uporzt48K/cEAkiy1Qx7oeuBE5wHahlOeIASZRGQlm09u5ckrA==",
      "dev": true,
      "requires": {
        "@babel/runtime": "^7.3.1",
        "jss": "10.2.0"
      },
      "dependencies": {
        "jss": {
          "version": "10.2.0",
          "resolved": "https://registry.npmjs.org/jss/-/jss-10.2.0.tgz",
          "integrity": "sha512-WyG2Jm8nEbYHIVx0UIitgS7R1SXwWpQ1p+SHeI2HNrNR/DSEBXR8l0XYqNdVOCvKnFDPwVWVW7EFlhPh0tYA2w==",
          "dev": true,
          "requires": {
            "@babel/runtime": "^7.3.1",
            "csstype": "^2.6.5",
            "is-in-browser": "^1.1.3",
            "tiny-warning": "^1.0.2"
          }
        }
      }
    },
    "jss-plugin-nested": {
      "version": "10.2.0",
      "resolved": "https://registry.npmjs.org/jss-plugin-nested/-/jss-plugin-nested-10.2.0.tgz",
      "integrity": "sha512-4pO6fiWMbtEp8eJlBUaS1vg1bFjCBZsN1Kl0mVqX5jdQJ/7hvKWsX2pIKGFIu9eOcyr30Nacy6NxGiAlYJjbFA==",
      "dev": true,
      "requires": {
        "@babel/runtime": "^7.3.1",
        "jss": "10.2.0",
        "tiny-warning": "^1.0.2"
      },
      "dependencies": {
        "jss": {
          "version": "10.2.0",
          "resolved": "https://registry.npmjs.org/jss/-/jss-10.2.0.tgz",
          "integrity": "sha512-WyG2Jm8nEbYHIVx0UIitgS7R1SXwWpQ1p+SHeI2HNrNR/DSEBXR8l0XYqNdVOCvKnFDPwVWVW7EFlhPh0tYA2w==",
          "dev": true,
          "requires": {
            "@babel/runtime": "^7.3.1",
            "csstype": "^2.6.5",
            "is-in-browser": "^1.1.3",
            "tiny-warning": "^1.0.2"
          }
        }
      }
    },
    "jss-plugin-props-sort": {
      "version": "10.2.0",
      "resolved": "https://registry.npmjs.org/jss-plugin-props-sort/-/jss-plugin-props-sort-10.2.0.tgz",
      "integrity": "sha512-ihJwnaFLdyfTz6azGkz3WEwLkrh1p4X8PKBdCYaIsTnbNcCh/aULzxI7PkVjkd2Z/zCVK2CFfw3EE4Wxhwo1XQ==",
      "dev": true,
      "requires": {
        "@babel/runtime": "^7.3.1",
        "jss": "10.2.0"
      },
      "dependencies": {
        "jss": {
          "version": "10.2.0",
          "resolved": "https://registry.npmjs.org/jss/-/jss-10.2.0.tgz",
          "integrity": "sha512-WyG2Jm8nEbYHIVx0UIitgS7R1SXwWpQ1p+SHeI2HNrNR/DSEBXR8l0XYqNdVOCvKnFDPwVWVW7EFlhPh0tYA2w==",
          "dev": true,
          "requires": {
            "@babel/runtime": "^7.3.1",
            "csstype": "^2.6.5",
            "is-in-browser": "^1.1.3",
            "tiny-warning": "^1.0.2"
          }
        }
      }
    },
    "jss-plugin-rule-value-function": {
      "version": "10.2.0",
      "resolved": "https://registry.npmjs.org/jss-plugin-rule-value-function/-/jss-plugin-rule-value-function-10.2.0.tgz",
      "integrity": "sha512-16Y612DFhOCdMVTQYMxPuGQr7YIxcy6ehrQV408z8njYajc1Qtpc9JVl/wmTJFIYVRKfY9/0HQXSxD3Z3Gn0Hw==",
      "dev": true,
      "requires": {
        "@babel/runtime": "^7.3.1",
        "jss": "10.2.0",
        "tiny-warning": "^1.0.2"
      },
      "dependencies": {
        "jss": {
          "version": "10.2.0",
          "resolved": "https://registry.npmjs.org/jss/-/jss-10.2.0.tgz",
          "integrity": "sha512-WyG2Jm8nEbYHIVx0UIitgS7R1SXwWpQ1p+SHeI2HNrNR/DSEBXR8l0XYqNdVOCvKnFDPwVWVW7EFlhPh0tYA2w==",
          "dev": true,
          "requires": {
            "@babel/runtime": "^7.3.1",
            "csstype": "^2.6.5",
            "is-in-browser": "^1.1.3",
            "tiny-warning": "^1.0.2"
          }
        }
      }
    },
    "jss-plugin-rule-value-observable": {
      "version": "10.2.0",
      "resolved": "https://registry.npmjs.org/jss-plugin-rule-value-observable/-/jss-plugin-rule-value-observable-10.2.0.tgz",
      "integrity": "sha512-dIyVjoqaG4Py6aMjxmMfLpX58um4W7XDr/g1qPhpSbs/MTIsj6gFgcBMrX2OXTKpVb+Pqc5jHkKLOA2kCyRc7A==",
      "dev": true,
      "requires": {
        "@babel/runtime": "^7.3.1",
        "jss": "10.2.0",
        "symbol-observable": "^1.2.0"
      },
      "dependencies": {
        "jss": {
          "version": "10.2.0",
          "resolved": "https://registry.npmjs.org/jss/-/jss-10.2.0.tgz",
          "integrity": "sha512-WyG2Jm8nEbYHIVx0UIitgS7R1SXwWpQ1p+SHeI2HNrNR/DSEBXR8l0XYqNdVOCvKnFDPwVWVW7EFlhPh0tYA2w==",
          "dev": true,
          "requires": {
            "@babel/runtime": "^7.3.1",
            "csstype": "^2.6.5",
            "is-in-browser": "^1.1.3",
            "tiny-warning": "^1.0.2"
          }
        }
      }
    },
    "jss-plugin-template": {
      "version": "10.2.0",
      "resolved": "https://registry.npmjs.org/jss-plugin-template/-/jss-plugin-template-10.2.0.tgz",
      "integrity": "sha512-N4goiZ/22jh0tOXmexN9DeGyj4OPpQsHIgmznl7Oo81ObBsMJlFxLNCNiL1lHUF1TZZ5i7Mgd3Cbag1qjnmhFQ==",
      "dev": true,
      "requires": {
        "@babel/runtime": "^7.3.1",
        "jss": "10.2.0",
        "tiny-warning": "^1.0.2"
      },
      "dependencies": {
        "jss": {
          "version": "10.2.0",
          "resolved": "https://registry.npmjs.org/jss/-/jss-10.2.0.tgz",
          "integrity": "sha512-WyG2Jm8nEbYHIVx0UIitgS7R1SXwWpQ1p+SHeI2HNrNR/DSEBXR8l0XYqNdVOCvKnFDPwVWVW7EFlhPh0tYA2w==",
          "dev": true,
          "requires": {
            "@babel/runtime": "^7.3.1",
            "csstype": "^2.6.5",
            "is-in-browser": "^1.1.3",
            "tiny-warning": "^1.0.2"
          }
        }
      }
    },
    "jss-plugin-vendor-prefixer": {
      "version": "10.2.0",
      "resolved": "https://registry.npmjs.org/jss-plugin-vendor-prefixer/-/jss-plugin-vendor-prefixer-10.2.0.tgz",
      "integrity": "sha512-r6HytNgrGPAbW+vrcRtY+nOMLaEwBz8HSDtsuQFU06bAH4+NOK34QRxie4jOepLAmmbpjxWt6f4c8CUFGmiFCA==",
      "dev": true,
      "requires": {
        "@babel/runtime": "^7.3.1",
        "css-vendor": "^2.0.8",
        "jss": "10.2.0"
      },
      "dependencies": {
        "jss": {
          "version": "10.2.0",
          "resolved": "https://registry.npmjs.org/jss/-/jss-10.2.0.tgz",
          "integrity": "sha512-WyG2Jm8nEbYHIVx0UIitgS7R1SXwWpQ1p+SHeI2HNrNR/DSEBXR8l0XYqNdVOCvKnFDPwVWVW7EFlhPh0tYA2w==",
          "dev": true,
          "requires": {
            "@babel/runtime": "^7.3.1",
            "csstype": "^2.6.5",
            "is-in-browser": "^1.1.3",
            "tiny-warning": "^1.0.2"
          }
        }
      }
    },
    "jss-preset-default": {
      "version": "10.0.3",
      "resolved": "https://registry.npmjs.org/jss-preset-default/-/jss-preset-default-10.0.3.tgz",
      "integrity": "sha512-xGTs5r1jstNNzj+gPkgnwxQWTQTrTKiLKPgXYkAtHrzn/oiQSKbZNq8l8k5obNscZa3vOnDAJQn8sXiaUolCCw==",
      "dev": true,
      "requires": {
        "@babel/runtime": "^7.3.1",
        "jss": "^10.0.3",
        "jss-plugin-camel-case": "^10.0.3",
        "jss-plugin-compose": "^10.0.3",
        "jss-plugin-default-unit": "^10.0.3",
        "jss-plugin-expand": "^10.0.3",
        "jss-plugin-extend": "^10.0.3",
        "jss-plugin-global": "^10.0.3",
        "jss-plugin-nested": "^10.0.3",
        "jss-plugin-props-sort": "^10.0.3",
        "jss-plugin-rule-value-function": "^10.0.3",
        "jss-plugin-rule-value-observable": "^10.0.3",
        "jss-plugin-template": "^10.0.3",
        "jss-plugin-vendor-prefixer": "^10.0.3"
      }
    },
    "regenerator-runtime": {
      "version": "0.13.5",
      "resolved": "https://registry.npmjs.org/regenerator-runtime/-/regenerator-runtime-0.13.5.tgz",
      "integrity": "sha512-ZS5w8CpKFinUzOwW3c83oPeVXoNsrLsaCoLtJvAClH135j/R77RuymhiSErhm2lKcwSCIpmvIWSbDkIfAqKQlA==",
      "dev": true
    },
    "stencil-css-in-js": {
      "version": "1.0.0-beta.0",
      "resolved": "https://registry.npmjs.org/stencil-css-in-js/-/stencil-css-in-js-1.0.0-beta.0.tgz",
      "integrity": "sha512-1JFv0nza8Sw3fo9t50YNscE1MZJyHnw9jbws3VD+UaorraTIQBjhgxEhlW+vJLA/bmi469d5J4RpCCIlnCnO7Q==",
      "dev": true,
      "requires": {
        "jss": "10.0.3",
        "jss-preset-default": "10.0.3"
      }
    },
    "styled-stencil": {
      "version": "0.1.27",
      "resolved": "https://registry.npmjs.org/styled-stencil/-/styled-stencil-0.1.27.tgz",
      "integrity": "sha512-DKy0JKbYykRTjit7WTCZzYE+1H6lcBSbV7atyw/VOP+fUo3qnxmPpWynfyjcwoseoBZMjKtYsgHZ+3AsWdrLuA==",
      "requires": {
        "@stencil/core": "*"
      }
    },
    "symbol-observable": {
      "version": "1.2.0",
      "resolved": "https://registry.npmjs.org/symbol-observable/-/symbol-observable-1.2.0.tgz",
      "integrity": "sha512-e900nM8RRtGhlV36KGEU9k65K3mPb1WV70OdjfxlG2EAuM1noi/E/BaW/uMhL7bPEssK8QV57vN3esixjUvcXQ==",
      "dev": true
    },
    "tiny-warning": {
      "version": "1.0.3",
      "resolved": "https://registry.npmjs.org/tiny-warning/-/tiny-warning-1.0.3.tgz",
      "integrity": "sha512-lBN9zLN/oAf68o3zNXYrdCt1kP8WsiGW8Oo2ka41b2IM5JL/S1CTyX1rW0mb/zSuJun0ZUrDxx4sqvYS2FWzPA==",
      "dev": true
    },
    "typescript": {
      "version": "3.8.3",
      "resolved": "https://registry.npmjs.org/typescript/-/typescript-3.8.3.tgz",
      "integrity": "sha512-MYlEfn5VrLNsgudQTVJeNaQFUAI7DkhnOjdpAp4T+ku1TfQClewlbSuTVHiA+8skNBgaf02TL/kLOvig4y3G8w=="
    }
  }
}
